
Microsoft Visual Studio Solution File, Format Version 12.00
# Visual Studio Version 17
VisualStudioVersion = 17.3.32811.315
MinimumVisualStudioVersion = 10.0.40219.1
Project("{FAE04EC0-301F-11D3-BF4B-00C04F79EFBC}") = "WebApiMotorcicles", "WebApiMotorcicles\WebApiMotorcicles.csproj", "{12229C17-EAD0-4950-B0DF-F931CA8008FE}"
EndProject
Global
	GlobalSection(SolutionConfigurationPlatforms) = preSolution
		Debug|Any CPU = Debug|Any CPU
		Release|Any CPU = Release|Any CPU
	EndGlobalSection
	GlobalSection(ProjectConfigurationPlatforms) = postSolution
		{12229C17-EAD0-4950-B0DF-F931CA8008FE}.Debug|Any CPU.ActiveCfg = Debug|Any CPU
		{12229C17-EAD0-4950-B0DF-F931CA8008FE}.Debug|Any CPU.Build.0 = Debug|Any CPU
		{12229C17-EAD0-4950-B0DF-F931CA8008FE}.Release|Any CPU.ActiveCfg = Release|Any CPU
		{12229C17-EAD0-4950-B0DF-F931CA8008FE}.Release|Any CPU.Build.0 = Release|Any CPU
	EndGlobalSection
	GlobalSection(SolutionProperties) = preSolution
		HideSolutionNode = FALSE
	EndGlobalSection
	GlobalSection(ExtensibilityGlobals) = postSolution
		SolutionGuid = {3755C41D-358C-4DC2-86A9-B73DA753D5D0}
	EndGlobalSection
EndGlobal
